{
  "name": "newtheme",
  "lockfileVersion": 3,
  "requires": true,
  "packages": {
    "": {
      "dependencies": {
        "@fontsource/oswald": "^5.0.20"
      }
    },
    "node_modules/@fontsource/oswald": {
      "version": "5.0.20",
      "resolved": "https://registry.npmjs.org/@fontsource/oswald/-/oswald-5.0.20.tgz",
      "integrity": "sha512-4oWDUT8j4XrDb/TJGlHwtGsWiVTNChnAUaU8/oYuF4pisO7PDElT+gk1rbNSAJCQ++3CnrJXrrr931O0cPcwpw=="
    }
  }
}
